<?xml version="1.0" encoding="utf-8"?>
<Project ToolsVersion="4.0" xmlns="http://schemas.microsoft.com/developer/msbuild/2003">
  <ItemGroup>
    <Filter Include="Source Files">
      <UniqueIdentifier>{4FC737F1-C7A5-4376-A066-2A32D752A2FF}</UniqueIdentifier>
      <Extensions>cpp;c;cc;cxx;def;odl;idl;hpj;bat;asm;asmx</Extensions>
    </Filter>
    <Filter Include="Header Files">
      <UniqueIdentifier>{93995380-89BD-4b04-88EB-625FBE52EBFB}</UniqueIdentifier>
      <Extensions>h;hpp;hxx;hm;inl;inc;xsd</Extensions>
    </Filter>
    <Filter Include="Resource Files">
      <UniqueIdentifier>{67DA6AB6-F800-4c08-8B7A-83BB121AAD01}</UniqueIdentifier>
      <Extensions>rc;ico;cur;bmp;dlg;rc2;rct;bin;rgs;gif;jpg;jpeg;jpe;resx;tiff;tif;png;wav;mfcribbon-ms</Extensions>
    </Filter>
    <Filter Include="Header Files\objects">
      <UniqueIdentifier>{d2ee25b6-6c36-4be9-ba65-c15976664994}</UniqueIdentifier>
    </Filter>
    <Filter Include="Header Files\objects\models">
      <UniqueIdentifier>{1d81a471-4f36-4a19-aef7-01222396dc27}</UniqueIdentifier>
    </Filter>
    <Filter Include="Source Files\objects">
      <UniqueIdentifier>{efc845d4-d80e-47b3-86e9-ef44506ff20b}</UniqueIdentifier>
    </Filter>
    <Filter Include="Source Files\objects\models">
      <UniqueIdentifier>{37d40b70-7322-4b82-9f5f-181032266e52}</UniqueIdentifier>
    </Filter>
  </ItemGroup>
  <ItemGroup>
    <None Include="ReadMe.txt" />
  </ItemGroup>
  <ItemGroup>
    <ClInclude Include="camera.h">
      <Filter>Header Files</Filter>
    </ClInclude>
    <ClInclude Include="game_state.h">
      <Filter>Header Files</Filter>
    </ClInclude>
    <ClInclude Include="windowSystem.h">
      <Filter>Header Files</Filter>
    </ClInclude>
    <ClInclude Include="extendedGL.h">
      <Filter>Header Files</Filter>
    </ClInclude>
    <ClInclude Include="drawableObject.h">
      <Filter>Header Files\objects</Filter>
    </ClInclude>
    <ClInclude Include="wavefrontObject.h">
      <Filter>Header Files\objects\models</Filter>
    </ClInclude>
    <ClInclude Include="main_game_state.h">
      <Filter>Header Files</Filter>
    </ClInclude>
    <ClInclude Include="kinect.h">
      <Filter>Header Files</Filter>
    </ClInclude>
    <ClInclude Include="fileIO.h">
      <Filter>Header Files</Filter>
    </ClInclude>
  </ItemGroup>
  <ItemGroup>
    <ClCompile Include="camera.cpp">
      <Filter>Source Files</Filter>
    </ClCompile>
    <ClCompile Include="windowSystem.cpp">
      <Filter>Source Files</Filter>
    </ClCompile>
    <ClCompile Include="extendedGL.cpp">
      <Filter>Source Files</Filter>
    </ClCompile>
    <ClCompile Include="wavefrontObject.cpp">
      <Filter>Source Files\objects\models</Filter>
    </ClCompile>
    <ClCompile Include="main_game_state.cpp">
      <Filter>Source Files</Filter>
    </ClCompile>
    <ClCompile Include="kinect.cpp">
      <Filter>Source Files</Filter>
    </ClCompile>
    <ClCompile Include="fileIO.cpp">
      <Filter>Source Files</Filter>
    </ClCompile>
  </ItemGroup>
</Project>